// !$*UTF8*$!
{
	archiveVersion = 1;
	classes = {
	};
	objectVersion = 55;
	objects = {

/* Begin PBXBuildFile section */
		7FD695B1D98C6740C623729F /* Pods_T_minus.framework in Frameworks */ = {isa = PBXBuildFile; fileRef = 7B52BB334679C53E12432419 /* Pods_T_minus.framework */; };
		F218B4D1292046EC005DFF58 /* T_minusApp.swift in Sources */ = {isa = PBXBuildFile; fileRef = F218B4D0292046EC005DFF58 /* T_minusApp.swift */; };
		F218B4D5292046EE005DFF58 /* Assets.xcassets in Resources */ = {isa = PBXBuildFile; fileRef = F218B4D4292046EE005DFF58 /* Assets.xcassets */; };
		F218B4D8292046EE005DFF58 /* Preview Assets.xcassets in Resources */ = {isa = PBXBuildFile; fileRef = F218B4D7292046EE005DFF58 /* Preview Assets.xcassets */; };
		F29853BE293AD203005DB332 /* Archivo-Regular.ttf in Resources */ = {isa = PBXBuildFile; fileRef = F29853BB293AD203005DB332 /* Archivo-Regular.ttf */; };
		F29853BF293AD203005DB332 /* Archivo-SemiBold.ttf in Resources */ = {isa = PBXBuildFile; fileRef = F29853BC293AD203005DB332 /* Archivo-SemiBold.ttf */; };
		F29853C0293AD203005DB332 /* Archivo-Medium.ttf in Resources */ = {isa = PBXBuildFile; fileRef = F29853BD293AD203005DB332 /* Archivo-Medium.ttf */; };
		F29853C2293AD2B4005DB332 /* CapsuledText.swift in Sources */ = {isa = PBXBuildFile; fileRef = F29853C1293AD2B4005DB332 /* CapsuledText.swift */; };
		F29E550A2929B431008CEDD7 /* AtkinsonHyperlegible-Italic.ttf in Resources */ = {isa = PBXBuildFile; fileRef = F29E55062929B431008CEDD7 /* AtkinsonHyperlegible-Italic.ttf */; };
		F29E550B2929B431008CEDD7 /* AtkinsonHyperlegible-Regular.ttf in Resources */ = {isa = PBXBuildFile; fileRef = F29E55072929B431008CEDD7 /* AtkinsonHyperlegible-Regular.ttf */; };
		F29E550C2929B431008CEDD7 /* AtkinsonHyperlegible-Bold.ttf in Resources */ = {isa = PBXBuildFile; fileRef = F29E55082929B431008CEDD7 /* AtkinsonHyperlegible-Bold.ttf */; };
		F29E550D2929B431008CEDD7 /* AtkinsonHyperlegible-BoldItalic.ttf in Resources */ = {isa = PBXBuildFile; fileRef = F29E55092929B431008CEDD7 /* AtkinsonHyperlegible-BoldItalic.ttf */; };
		F29E550F2929B458008CEDD7 /* RecentLaunchView.swift in Sources */ = {isa = PBXBuildFile; fileRef = F29E550E2929B458008CEDD7 /* RecentLaunchView.swift */; };
		F29E551B2929B509008CEDD7 /* FontStyleModifier.swift in Sources */ = {isa = PBXBuildFile; fileRef = F29E551A2929B509008CEDD7 /* FontStyleModifier.swift */; };
		F29E551E2929B50D008CEDD7 /* Font+UIFont.swift in Sources */ = {isa = PBXBuildFile; fileRef = F29E551D2929B50D008CEDD7 /* Font+UIFont.swift */; };
		F29E55212929B511008CEDD7 /* FontBook.swift in Sources */ = {isa = PBXBuildFile; fileRef = F29E55202929B511008CEDD7 /* FontBook.swift */; };
		F29E55282929C22C008CEDD7 /* Localizable.strings in Resources */ = {isa = PBXBuildFile; fileRef = F29E55272929C22C008CEDD7 /* Localizable.strings */; };
		F29E552C2929C48D008CEDD7 /* XCAssets+Generated.swift in Sources */ = {isa = PBXBuildFile; fileRef = F29E552A2929C48D008CEDD7 /* XCAssets+Generated.swift */; };
		F29E552D2929C48D008CEDD7 /* Strings+Generated.swift in Sources */ = {isa = PBXBuildFile; fileRef = F29E552B2929C48D008CEDD7 /* Strings+Generated.swift */; };
		F2DBD9FF292054E20052D68F /* AppView.swift in Sources */ = {isa = PBXBuildFile; fileRef = F2DBD9FE292054E20052D68F /* AppView.swift */; };
/* End PBXBuildFile section */

/* Begin PBXFileReference section */
		1D226D2D7E6595A7AFB9E94B /* Pods-T-minus.release.xcconfig */ = {isa = PBXFileReference; includeInIndex = 1; lastKnownFileType = text.xcconfig; name = "Pods-T-minus.release.xcconfig"; path = "Target Support Files/Pods-T-minus/Pods-T-minus.release.xcconfig"; sourceTree = "<group>"; };
		7B52BB334679C53E12432419 /* Pods_T_minus.framework */ = {isa = PBXFileReference; explicitFileType = wrapper.framework; includeInIndex = 0; path = Pods_T_minus.framework; sourceTree = BUILT_PRODUCTS_DIR; };
		E5DD99C9428009ABCCF0621B /* Pods-T-minus.debug.xcconfig */ = {isa = PBXFileReference; includeInIndex = 1; lastKnownFileType = text.xcconfig; name = "Pods-T-minus.debug.xcconfig"; path = "Target Support Files/Pods-T-minus/Pods-T-minus.debug.xcconfig"; sourceTree = "<group>"; };
		F218B4CD292046EC005DFF58 /* T-minus.app */ = {isa = PBXFileReference; explicitFileType = wrapper.application; includeInIndex = 0; path = "T-minus.app"; sourceTree = BUILT_PRODUCTS_DIR; };
		F218B4D0292046EC005DFF58 /* T_minusApp.swift */ = {isa = PBXFileReference; lastKnownFileType = sourcecode.swift; path = T_minusApp.swift; sourceTree = "<group>"; };
		F218B4D4292046EE005DFF58 /* Assets.xcassets */ = {isa = PBXFileReference; lastKnownFileType = folder.assetcatalog; path = Assets.xcassets; sourceTree = "<group>"; };
		F218B4D7292046EE005DFF58 /* Preview Assets.xcassets */ = {isa = PBXFileReference; lastKnownFileType = folder.assetcatalog; path = "Preview Assets.xcassets"; sourceTree = "<group>"; };
		F29853BB293AD203005DB332 /* Archivo-Regular.ttf */ = {isa = PBXFileReference; lastKnownFileType = file; path = "Archivo-Regular.ttf"; sourceTree = "<group>"; };
		F29853BC293AD203005DB332 /* Archivo-SemiBold.ttf */ = {isa = PBXFileReference; lastKnownFileType = file; path = "Archivo-SemiBold.ttf"; sourceTree = "<group>"; };
		F29853BD293AD203005DB332 /* Archivo-Medium.ttf */ = {isa = PBXFileReference; lastKnownFileType = file; path = "Archivo-Medium.ttf"; sourceTree = "<group>"; };
		F29853C1293AD2B4005DB332 /* CapsuledText.swift */ = {isa = PBXFileReference; lastKnownFileType = sourcecode.swift; path = CapsuledText.swift; sourceTree = "<group>"; };
		F29E55062929B431008CEDD7 /* AtkinsonHyperlegible-Italic.ttf */ = {isa = PBXFileReference; lastKnownFileType = file; path = "AtkinsonHyperlegible-Italic.ttf"; sourceTree = "<group>"; };
		F29E55072929B431008CEDD7 /* AtkinsonHyperlegible-Regular.ttf */ = {isa = PBXFileReference; lastKnownFileType = file; path = "AtkinsonHyperlegible-Regular.ttf"; sourceTree = "<group>"; };
		F29E55082929B431008CEDD7 /* AtkinsonHyperlegible-Bold.ttf */ = {isa = PBXFileReference; lastKnownFileType = file; path = "AtkinsonHyperlegible-Bold.ttf"; sourceTree = "<group>"; };
		F29E55092929B431008CEDD7 /* AtkinsonHyperlegible-BoldItalic.ttf */ = {isa = PBXFileReference; lastKnownFileType = file; path = "AtkinsonHyperlegible-BoldItalic.ttf"; sourceTree = "<group>"; };
		F29E550E2929B458008CEDD7 /* RecentLaunchView.swift */ = {isa = PBXFileReference; fileEncoding = 4; lastKnownFileType = sourcecode.swift; path = RecentLaunchView.swift; sourceTree = "<group>"; };
		F29E551A2929B509008CEDD7 /* FontStyleModifier.swift */ = {isa = PBXFileReference; fileEncoding = 4; lastKnownFileType = sourcecode.swift; path = FontStyleModifier.swift; sourceTree = "<group>"; };
		F29E551D2929B50D008CEDD7 /* Font+UIFont.swift */ = {isa = PBXFileReference; fileEncoding = 4; lastKnownFileType = sourcecode.swift; path = "Font+UIFont.swift"; sourceTree = "<group>"; };
		F29E55202929B511008CEDD7 /* FontBook.swift */ = {isa = PBXFileReference; fileEncoding = 4; lastKnownFileType = sourcecode.swift; path = FontBook.swift; sourceTree = "<group>"; };
		F29E55272929C22C008CEDD7 /* Localizable.strings */ = {isa = PBXFileReference; lastKnownFileType = text.plist.strings; path = Localizable.strings; sourceTree = "<group>"; };
		F29E552A2929C48D008CEDD7 /* XCAssets+Generated.swift */ = {isa = PBXFileReference; fileEncoding = 4; lastKnownFileType = sourcecode.swift; path = "XCAssets+Generated.swift"; sourceTree = "<group>"; };
		F29E552B2929C48D008CEDD7 /* Strings+Generated.swift */ = {isa = PBXFileReference; fileEncoding = 4; lastKnownFileType = sourcecode.swift; path = "Strings+Generated.swift"; sourceTree = "<group>"; };
		F2DBD9FE292054E20052D68F /* AppView.swift */ = {isa = PBXFileReference; lastKnownFileType = sourcecode.swift; path = AppView.swift; sourceTree = "<group>"; };
/* End PBXFileReference section */

/* Begin PBXFrameworksBuildPhase section */
		F218B4CA292046EC005DFF58 /* Frameworks */ = {
			isa = PBXFrameworksBuildPhase;
			buildActionMask = 2147483647;
			files = (
				7FD695B1D98C6740C623729F /* Pods_T_minus.framework in Frameworks */,
			);
			runOnlyForDeploymentPostprocessing = 0;
		};
/* End PBXFrameworksBuildPhase section */

/* Begin PBXGroup section */
		5FBE1908464B11753142007F /* Pods */ = {
			isa = PBXGroup;
			children = (
				E5DD99C9428009ABCCF0621B /* Pods-T-minus.debug.xcconfig */,
				1D226D2D7E6595A7AFB9E94B /* Pods-T-minus.release.xcconfig */,
			);
			path = Pods;
			sourceTree = "<group>";
		};
		D07E37793D4F8EE1082B8596 /* Frameworks */ = {
			isa = PBXGroup;
			children = (
				7B52BB334679C53E12432419 /* Pods_T_minus.framework */,
			);
			name = Frameworks;
			sourceTree = "<group>";
		};
		F218B4C4292046EC005DFF58 = {
			isa = PBXGroup;
			children = (
				F218B4CF292046EC005DFF58 /* T-minus */,
				5FBE1908464B11753142007F /* Pods */,
				D07E37793D4F8EE1082B8596 /* Frameworks */,
			);
			sourceTree = "<group>";
		};
		F218B4CE292046EC005DFF58 /* Products */ = {
			isa = PBXGroup;
			children = (
				F218B4CD292046EC005DFF58 /* T-minus.app */,
			);
			name = Products;
			path = ..;
			sourceTree = "<group>";
		};
		F218B4CF292046EC005DFF58 /* T-minus */ = {
			isa = PBXGroup;
			children = (
				F2DBDA01292055030052D68F /* App */,
				F29E54F02929B301008CEDD7 /* Features */,
				F29E55162929B48B008CEDD7 /* Networking */,
				F218B4D6292046EE005DFF58 /* Preview Content */,
				F218B4CE292046EC005DFF58 /* Products */,
				F29E55172929B493008CEDD7 /* RaptorUI */,
				F2DBDA00292054F50052D68F /* Resources */,
				F29E55182929B49D008CEDD7 /* Utilities */,
			);
			path = "T-minus";
			sourceTree = "<group>";
		};
		F218B4D6292046EE005DFF58 /* Preview Content */ = {
			isa = PBXGroup;
			children = (
				F218B4D7292046EE005DFF58 /* Preview Assets.xcassets */,
			);
			path = "Preview Content";
			sourceTree = "<group>";
		};
		F29E54F02929B301008CEDD7 /* Features */ = {
			isa = PBXGroup;
			children = (
				F29E54F12929B3B1008CEDD7 /* RecentLaunch */,
			);
			path = Features;
			sourceTree = "<group>";
		};
		F29E54F12929B3B1008CEDD7 /* RecentLaunch */ = {
			isa = PBXGroup;
			children = (
				F29E550E2929B458008CEDD7 /* RecentLaunchView.swift */,
			);
			path = RecentLaunch;
			sourceTree = "<group>";
		};
		F29E54FD2929B40A008CEDD7 /* Fonts */ = {
			isa = PBXGroup;
			children = (
				F29853BD293AD203005DB332 /* Archivo-Medium.ttf */,
				F29853BB293AD203005DB332 /* Archivo-Regular.ttf */,
				F29853BC293AD203005DB332 /* Archivo-SemiBold.ttf */,
				F29E55082929B431008CEDD7 /* AtkinsonHyperlegible-Bold.ttf */,
				F29E55092929B431008CEDD7 /* AtkinsonHyperlegible-BoldItalic.ttf */,
				F29E55062929B431008CEDD7 /* AtkinsonHyperlegible-Italic.ttf */,
				F29E55072929B431008CEDD7 /* AtkinsonHyperlegible-Regular.ttf */,
			);
			path = Fonts;
			sourceTree = "<group>";
		};
		F29E55162929B48B008CEDD7 /* Networking */ = {
			isa = PBXGroup;
			children = (
			);
			path = Networking;
			sourceTree = "<group>";
		};
		F29E55172929B493008CEDD7 /* RaptorUI */ = {
			isa = PBXGroup;
			children = (
				F29E55232929B6E0008CEDD7 /* Modifiers */,
				F29E551F2929B511008CEDD7 /* Helpers */,
				F29E551C2929B50D008CEDD7 /* Extensions */,
				F29E55192929B509008CEDD7 /* Components */,
			);
			path = RaptorUI;
			sourceTree = "<group>";
		};
		F29E55182929B49D008CEDD7 /* Utilities */ = {
			isa = PBXGroup;
			children = (
			);
			path = Utilities;
			sourceTree = "<group>";
		};
		F29E55192929B509008CEDD7 /* Components */ = {
			isa = PBXGroup;
			children = (
				F29853C1293AD2B4005DB332 /* CapsuledText.swift */,
			);
			path = Components;
			sourceTree = "<group>";
		};
		F29E551C2929B50D008CEDD7 /* Extensions */ = {
			isa = PBXGroup;
			children = (
				F29E551D2929B50D008CEDD7 /* Font+UIFont.swift */,
			);
			path = Extensions;
			sourceTree = "<group>";
		};
		F29E551F2929B511008CEDD7 /* Helpers */ = {
			isa = PBXGroup;
			children = (
				F29E55202929B511008CEDD7 /* FontBook.swift */,
			);
			path = Helpers;
			sourceTree = "<group>";
		};
		F29E55232929B6E0008CEDD7 /* Modifiers */ = {
			isa = PBXGroup;
			children = (
				F29E551A2929B509008CEDD7 /* FontStyleModifier.swift */,
			);
			path = Modifiers;
			sourceTree = "<group>";
		};
		F29E55292929C304008CEDD7 /* Generated */ = {
			isa = PBXGroup;
			children = (
				F29E552B2929C48D008CEDD7 /* Strings+Generated.swift */,
				F29E552A2929C48D008CEDD7 /* XCAssets+Generated.swift */,
			);
			path = Generated;
			sourceTree = "<group>";
		};
		F2DBDA00292054F50052D68F /* Resources */ = {
			isa = PBXGroup;
			children = (
				F29E55292929C304008CEDD7 /* Generated */,
				F29E54FD2929B40A008CEDD7 /* Fonts */,
				F218B4D4292046EE005DFF58 /* Assets.xcassets */,
				F29E55272929C22C008CEDD7 /* Localizable.strings */,
			);
			path = Resources;
			sourceTree = "<group>";
		};
		F2DBDA01292055030052D68F /* App */ = {
			isa = PBXGroup;
			children = (
				F218B4D0292046EC005DFF58 /* T_minusApp.swift */,
				F2DBD9FE292054E20052D68F /* AppView.swift */,
			);
			path = App;
			sourceTree = "<group>";
		};
/* End PBXGroup section */

/* Begin PBXNativeTarget section */
		F218B4CC292046EC005DFF58 /* T-minus */ = {
			isa = PBXNativeTarget;
			buildConfigurationList = F218B4DB292046EE005DFF58 /* Build configuration list for PBXNativeTarget "T-minus" */;
			buildPhases = (
				D881295B2A2FCCB805449036 /* [CP] Check Pods Manifest.lock */,
				F218B4C9292046EC005DFF58 /* Sources */,
				F218B4CA292046EC005DFF58 /* Frameworks */,
				F218B4CB292046EC005DFF58 /* Resources */,
				0C7724CF2D4202DA34B43D22 /* [CP] Embed Pods Frameworks */,
				F29E55262929C12F008CEDD7 /* SwiftGen */,
			);
			buildRules = (
			);
			dependencies = (
			);
			name = "T-minus";
			packageProductDependencies = (
			);
			productName = "T-minus";
			productReference = F218B4CD292046EC005DFF58 /* T-minus.app */;
			productType = "com.apple.product-type.application";
		};
/* End PBXNativeTarget section */

/* Begin PBXProject section */
		F218B4C5292046EC005DFF58 /* Project object */ = {
			isa = PBXProject;
			attributes = {
				BuildIndependentTargetsInParallel = 1;
				LastSwiftUpdateCheck = 1410;
				LastUpgradeCheck = 1410;
				TargetAttributes = {
					F218B4CC292046EC005DFF58 = {
						CreatedOnToolsVersion = 14.1;
					};
				};
			};
			buildConfigurationList = F218B4C8292046EC005DFF58 /* Build configuration list for PBXProject "T-minus" */;
			compatibilityVersion = "Xcode 13.0";
			developmentRegion = en;
			hasScannedForEncodings = 0;
			knownRegions = (
				en,
				Base,
			);
			mainGroup = F218B4C4292046EC005DFF58;
			productRefGroup = F218B4CE292046EC005DFF58 /* Products */;
			projectDirPath = "";
			projectRoot = "";
			targets = (
				F218B4CC292046EC005DFF58 /* T-minus */,
			);
		};
/* End PBXProject section */

/* Begin PBXResourcesBuildPhase section */
		F218B4CB292046EC005DFF58 /* Resources */ = {
			isa = PBXResourcesBuildPhase;
			buildActionMask = 2147483647;
			files = (
				F29E550B2929B431008CEDD7 /* AtkinsonHyperlegible-Regular.ttf in Resources */,
				F29E550A2929B431008CEDD7 /* AtkinsonHyperlegible-Italic.ttf in Resources */,
				F29853C0293AD203005DB332 /* Archivo-Medium.ttf in Resources */,
				F29853BE293AD203005DB332 /* Archivo-Regular.ttf in Resources */,
				F29E550D2929B431008CEDD7 /* AtkinsonHyperlegible-BoldItalic.ttf in Resources */,
				F29E55282929C22C008CEDD7 /* Localizable.strings in Resources */,
				F218B4D8292046EE005DFF58 /* Preview Assets.xcassets in Resources */,
				F29853BF293AD203005DB332 /* Archivo-SemiBold.ttf in Resources */,
				F218B4D5292046EE005DFF58 /* Assets.xcassets in Resources */,
				F29E550C2929B431008CEDD7 /* AtkinsonHyperlegible-Bold.ttf in Resources */,
			);
			runOnlyForDeploymentPostprocessing = 0;
		};
/* End PBXResourcesBuildPhase section */

/* Begin PBXShellScriptBuildPhase section */
		0C7724CF2D4202DA34B43D22 /* [CP] Embed Pods Frameworks */ = {
			isa = PBXShellScriptBuildPhase;
			buildActionMask = 2147483647;
			files = (
			);
			inputFileListPaths = (
				"${PODS_ROOT}/Target Support Files/Pods-T-minus/Pods-T-minus-frameworks-${CONFIGURATION}-input-files.xcfilelist",
			);
			name = "[CP] Embed Pods Frameworks";
			outputFileListPaths = (
				"${PODS_ROOT}/Target Support Files/Pods-T-minus/Pods-T-minus-frameworks-${CONFIGURATION}-output-files.xcfilelist",
			);
			runOnlyForDeploymentPostprocessing = 0;
			shellPath = /bin/sh;
			shellScript = "\"${PODS_ROOT}/Target Support Files/Pods-T-minus/Pods-T-minus-frameworks.sh\"\n";
			showEnvVarsInLog = 0;
		};
		D881295B2A2FCCB805449036 /* [CP] Check Pods Manifest.lock */ = {
			isa = PBXShellScriptBuildPhase;
			buildActionMask = 2147483647;
			files = (
			);
			inputFileListPaths = (
			);
			inputPaths = (
				"${PODS_PODFILE_DIR_PATH}/Podfile.lock",
				"${PODS_ROOT}/Manifest.lock",
			);
			name = "[CP] Check Pods Manifest.lock";
			outputFileListPaths = (
			);
			outputPaths = (
				"$(DERIVED_FILE_DIR)/Pods-T-minus-checkManifestLockResult.txt",
			);
			runOnlyForDeploymentPostprocessing = 0;
			shellPath = /bin/sh;
			shellScript = "diff \"${PODS_PODFILE_DIR_PATH}/Podfile.lock\" \"${PODS_ROOT}/Manifest.lock\" > /dev/null\nif [ $? != 0 ] ; then\n    # print error to STDERR\n    echo \"error: The sandbox is not in sync with the Podfile.lock. Run 'pod install' or update your CocoaPods installation.\" >&2\n    exit 1\nfi\n# This output is used by Xcode 'outputs' to avoid re-running this script phase.\necho \"SUCCESS\" > \"${SCRIPT_OUTPUT_FILE_0}\"\n";
			showEnvVarsInLog = 0;
		};
		F29E55262929C12F008CEDD7 /* SwiftGen */ = {
			isa = PBXShellScriptBuildPhase;
			buildActionMask = 2147483647;
			files = (
			);
			inputFileListPaths = (
			);
			inputPaths = (
			);
			name = SwiftGen;
			outputFileListPaths = (
			);
			outputPaths = (
			);
			runOnlyForDeploymentPostprocessing = 0;
			shellPath = /bin/sh;
			shellScript = "# Type a script or drag a script file from your workspace to insert its path.\n\"$PODS_ROOT/SwiftGen/bin/swiftgen\"\n";
		};
/* End PBXShellScriptBuildPhase section */

/* Begin PBXSourcesBuildPhase section */
		F218B4C9292046EC005DFF58 /* Sources */ = {
			isa = PBXSourcesBuildPhase;
			buildActionMask = 2147483647;
			files = (
				F29853C2293AD2B4005DB332 /* CapsuledText.swift in Sources */,
				F29E550F2929B458008CEDD7 /* RecentLaunchView.swift in Sources */,
				F29E552D2929C48D008CEDD7 /* Strings+Generated.swift in Sources */,
				F29E551E2929B50D008CEDD7 /* Font+UIFont.swift in Sources */,
				F2DBD9FF292054E20052D68F /* AppView.swift in Sources */,
				F29E551B2929B509008CEDD7 /* FontStyleModifier.swift in Sources */,
				F218B4D1292046EC005DFF58 /* T_minusApp.swift in Sources */,
				F29E55212929B511008CEDD7 /* FontBook.swift in Sources */,
				F29E552C2929C48D008CEDD7 /* XCAssets+Generated.swift in Sources */,
			);
			runOnlyForDeploymentPostprocessing = 0;
		};
/* End PBXSourcesBuildPhase section */

/* Begin XCBuildConfiguration section */
		F218B4D9292046EE005DFF58 /* Debug */ = {
			isa = XCBuildConfiguration;
			buildSettings = {
				ALWAYS_SEARCH_USER_PATHS = NO;
				CLANG_ANALYZER_NONNULL = YES;
				CLANG_ANALYZER_NUMBER_OBJECT_CONVERSION = YES_AGGRESSIVE;
				CLANG_CXX_LANGUAGE_STANDARD = "gnu++20";
				CLANG_ENABLE_MODULES = YES;
				CLANG_ENABLE_OBJC_ARC = YES;
				CLANG_ENABLE_OBJC_WEAK = YES;
				CLANG_WARN_BLOCK_CAPTURE_AUTORELEASING = YES;
				CLANG_WARN_BOOL_CONVERSION = YES;
				CLANG_WARN_COMMA = YES;
				CLANG_WARN_CONSTANT_CONVERSION = YES;
				CLANG_WARN_DEPRECATED_OBJC_IMPLEMENTATIONS = YES;
				CLANG_WARN_DIRECT_OBJC_ISA_USAGE = YES_ERROR;
				CLANG_WARN_DOCUMENTATION_COMMENTS = YES;
				CLANG_WARN_EMPTY_BODY = YES;
				CLANG_WARN_ENUM_CONVERSION = YES;
				CLANG_WARN_INFINITE_RECURSION = YES;
				CLANG_WARN_INT_CONVERSION = YES;
				CLANG_WARN_NON_LITERAL_NULL_CONVERSION = YES;
				CLANG_WARN_OBJC_IMPLICIT_RETAIN_SELF = YES;
				CLANG_WARN_OBJC_LITERAL_CONVERSION = YES;
				CLANG_WARN_OBJC_ROOT_CLASS = YES_ERROR;
				CLANG_WARN_QUOTED_INCLUDE_IN_FRAMEWORK_HEADER = YES;
				CLANG_WARN_RANGE_LOOP_ANALYSIS = YES;
				CLANG_WARN_STRICT_PROTOTYPES = YES;
				CLANG_WARN_SUSPICIOUS_MOVE = YES;
				CLANG_WARN_UNGUARDED_AVAILABILITY = YES_AGGRESSIVE;
				CLANG_WARN_UNREACHABLE_CODE = YES;
				CLANG_WARN__DUPLICATE_METHOD_MATCH = YES;
				COPY_PHASE_STRIP = NO;
				DEBUG_INFORMATION_FORMAT = dwarf;
				ENABLE_STRICT_OBJC_MSGSEND = YES;
				ENABLE_TESTABILITY = YES;
				GCC_C_LANGUAGE_STANDARD = gnu11;
				GCC_DYNAMIC_NO_PIC = NO;
				GCC_NO_COMMON_BLOCKS = YES;
				GCC_OPTIMIZATION_LEVEL = 0;
				GCC_PREPROCESSOR_DEFINITIONS = (
					"DEBUG=1",
					"$(inherited)",
				);
				GCC_WARN_64_TO_32_BIT_CONVERSION = YES;
				GCC_WARN_ABOUT_RETURN_TYPE = YES_ERROR;
				GCC_WARN_UNDECLARED_SELECTOR = YES;
				GCC_WARN_UNINITIALIZED_AUTOS = YES_AGGRESSIVE;
				GCC_WARN_UNUSED_FUNCTION = YES;
				GCC_WARN_UNUSED_VARIABLE = YES;
				IPHONEOS_DEPLOYMENT_TARGET = 15.0;
				MTL_ENABLE_DEBUG_INFO = INCLUDE_SOURCE;
				MTL_FAST_MATH = YES;
				ONLY_ACTIVE_ARCH = YES;
				SDKROOT = iphoneos;
				SWIFT_ACTIVE_COMPILATION_CONDITIONS = DEBUG;
				SWIFT_OPTIMIZATION_LEVEL = "-Onone";
			};
			name = Debug;
		};
		F218B4DA292046EE005DFF58 /* Release */ = {
			isa = XCBuildConfiguration;
			buildSettings = {
				ALWAYS_SEARCH_USER_PATHS = NO;
				CLANG_ANALYZER_NONNULL = YES;
				CLANG_ANALYZER_NUMBER_OBJECT_CONVERSION = YES_AGGRESSIVE;
				CLANG_CXX_LANGUAGE_STANDARD = "gnu++20";
				CLANG_ENABLE_MODULES = YES;
				CLANG_ENABLE_OBJC_ARC = YES;
				CLANG_ENABLE_OBJC_WEAK = YES;
				CLANG_WARN_BLOCK_CAPTURE_AUTORELEASING = YES;
				CLANG_WARN_BOOL_CONVERSION = YES;
				CLANG_WARN_COMMA = YES;
				CLANG_WARN_CONSTANT_CONVERSION = YES;
				CLANG_WARN_DEPRECATED_OBJC_IMPLEMENTATIONS = YES;
				CLANG_WARN_DIRECT_OBJC_ISA_USAGE = YES_ERROR;
				CLANG_WARN_DOCUMENTATION_COMMENTS = YES;
				CLANG_WARN_EMPTY_BODY = YES;
				CLANG_WARN_ENUM_CONVERSION = YES;
				CLANG_WARN_INFINITE_RECURSION = YES;
				CLANG_WARN_INT_CONVERSION = YES;
				CLANG_WARN_NON_LITERAL_NULL_CONVERSION = YES;
				CLANG_WARN_OBJC_IMPLICIT_RETAIN_SELF = YES;
				CLANG_WARN_OBJC_LITERAL_CONVERSION = YES;
				CLANG_WARN_OBJC_ROOT_CLASS = YES_ERROR;
				CLANG_WARN_QUOTED_INCLUDE_IN_FRAMEWORK_HEADER = YES;
				CLANG_WARN_RANGE_LOOP_ANALYSIS = YES;
				CLANG_WARN_STRICT_PROTOTYPES = YES;
				CLANG_WARN_SUSPICIOUS_MOVE = YES;
				CLANG_WARN_UNGUARDED_AVAILABILITY = YES_AGGRESSIVE;
				CLANG_WARN_UNREACHABLE_CODE = YES;
				CLANG_WARN__DUPLICATE_METHOD_MATCH = YES;
				COPY_PHASE_STRIP = NO;
				DEBUG_INFORMATION_FORMAT = "dwarf-with-dsym";
				ENABLE_NS_ASSERTIONS = NO;
				ENABLE_STRICT_OBJC_MSGSEND = YES;
				GCC_C_LANGUAGE_STANDARD = gnu11;
				GCC_NO_COMMON_BLOCKS = YES;
				GCC_WARN_64_TO_32_BIT_CONVERSION = YES;
				GCC_WARN_ABOUT_RETURN_TYPE = YES_ERROR;
				GCC_WARN_UNDECLARED_SELECTOR = YES;
				GCC_WARN_UNINITIALIZED_AUTOS = YES_AGGRESSIVE;
				GCC_WARN_UNUSED_FUNCTION = YES;
				GCC_WARN_UNUSED_VARIABLE = YES;
				IPHONEOS_DEPLOYMENT_TARGET = 15.0;
				MTL_ENABLE_DEBUG_INFO = NO;
				MTL_FAST_MATH = YES;
				SDKROOT = iphoneos;
				SWIFT_COMPILATION_MODE = wholemodule;
				SWIFT_OPTIMIZATION_LEVEL = "-O";
				VALIDATE_PRODUCT = YES;
			};
			name = Release;
		};
		F218B4DC292046EE005DFF58 /* Debug */ = {
			isa = XCBuildConfiguration;
			baseConfigurationReference = E5DD99C9428009ABCCF0621B /* Pods-T-minus.debug.xcconfig */;
			buildSettings = {
				ASSETCATALOG_COMPILER_APPICON_NAME = AppIcon;
				ASSETCATALOG_COMPILER_GLOBAL_ACCENT_COLOR_NAME = AccentColor;
				CODE_SIGN_STYLE = Automatic;
				CURRENT_PROJECT_VERSION = 1;
				DEVELOPMENT_ASSET_PATHS = "\"T-minus/Preview Content\"";
				DEVELOPMENT_TEAM = 36LYYU944F;
				ENABLE_PREVIEWS = YES;
				GENERATE_INFOPLIST_FILE = YES;
				INFOPLIST_FILE = "T-minus/App/Info.plist";
				INFOPLIST_KEY_UIApplicationSceneManifest_Generation = YES;
				INFOPLIST_KEY_UIApplicationSupportsIndirectInputEvents = YES;
				INFOPLIST_KEY_UILaunchScreen_Generation = YES;
				INFOPLIST_KEY_UIStatusBarStyle = UIStatusBarStyleDarkContent;
				INFOPLIST_KEY_UISupportedInterfaceOrientations = "UIInterfaceOrientationPortrait UIInterfaceOrientationPortraitUpsideDown";
				IPHONEOS_DEPLOYMENT_TARGET = 15.0;
				LD_RUNPATH_SEARCH_PATHS = (
					"$(inherited)",
					"@executable_path/Frameworks",
				);
				MARKETING_VERSION = 1.0;
				PRODUCT_BUNDLE_IDENTIFIER = "co.stenning.T-minus";
				PRODUCT_NAME = "$(TARGET_NAME)";
				SWIFT_EMIT_LOC_STRINGS = YES;
				SWIFT_VERSION = 5.0;
				TARGETED_DEVICE_FAMILY = "1,2";
			};
			name = Debug;
		};
		F218B4DD292046EE005DFF58 /* Release */ = {
			isa = XCBuildConfiguration;
			baseConfigurationReference = 1D226D2D7E6595A7AFB9E94B /* Pods-T-minus.release.xcconfig */;
			buildSettings = {
				ASSETCATALOG_COMPILER_APPICON_NAME = AppIcon;
				ASSETCATALOG_COMPILER_GLOBAL_ACCENT_COLOR_NAME = AccentColor;
				CODE_SIGN_STYLE = Automatic;
				CURRENT_PROJECT_VERSION = 1;
				DEVELOPMENT_ASSET_PATHS = "\"T-minus/Preview Content\"";
				DEVELOPMENT_TEAM = 36LYYU944F;
				ENABLE_PREVIEWS = YES;
				GENERATE_INFOPLIST_FILE = YES;
				INFOPLIST_FILE = "T-minus/App/Info.plist";
				INFOPLIST_KEY_UIApplicationSceneManifest_Generation = YES;
				INFOPLIST_KEY_UIApplicationSupportsIndirectInputEvents = YES;
				INFOPLIST_KEY_UILaunchScreen_Generation = YES;
				INFOPLIST_KEY_UIStatusBarStyle = UIStatusBarStyleDarkContent;
				INFOPLIST_KEY_UISupportedInterfaceOrientations = "UIInterfaceOrientationPortrait UIInterfaceOrientationPortraitUpsideDown";
				IPHONEOS_DEPLOYMENT_TARGET = 15.0;
				LD_RUNPATH_SEARCH_PATHS = (
					"$(inherited)",
					"@executable_path/Frameworks",
				);
				MARKETING_VERSION = 1.0;
				PRODUCT_BUNDLE_IDENTIFIER = "co.stenning.T-minus";
				PRODUCT_NAME = "$(TARGET_NAME)";
				SWIFT_EMIT_LOC_STRINGS = YES;
				SWIFT_VERSION = 5.0;
				TARGETED_DEVICE_FAMILY = "1,2";
			};
			name = Release;
		};
/* End XCBuildConfiguration section */

/* Begin XCConfigurationList section */
		F218B4C8292046EC005DFF58 /* Build configuration list for PBXProject "T-minus" */ = {
			isa = XCConfigurationList;
			buildConfigurations = (
				F218B4D9292046EE005DFF58 /* Debug */,
				F218B4DA292046EE005DFF58 /* Release */,
			);
			defaultConfigurationIsVisible = 0;
			defaultConfigurationName = Release;
		};
		F218B4DB292046EE005DFF58 /* Build configuration list for PBXNativeTarget "T-minus" */ = {
			isa = XCConfigurationList;
			buildConfigurations = (
				F218B4DC292046EE005DFF58 /* Debug */,
				F218B4DD292046EE005DFF58 /* Release */,
			);
			defaultConfigurationIsVisible = 0;
			defaultConfigurationName = Release;
		};
/* End XCConfigurationList section */
	};
	rootObject = F218B4C5292046EC005DFF58 /* Project object */;
}
